{
  "version": 4,
  "terraform_version": "1.4.4",
  "serial": 98,
  "lineage": "7525c2c0-e8dd-5f91-d74a-8bd92dae2595",
  "outputs": {},
  "resources": [
    {
      "mode": "data",
      "type": "google_client_config",
      "name": "default",
      "provider": "provider[\"registry.terraform.io/hashicorp/google\"].impersonation",
      "instances": [
        {
          "schema_version": 0,
          "attributes": {
            "access_token": "ya29.c.b0Aaekm1LbM6eT4lYhYYCetYe0Yf2t0Q5oGODziF1cbp0oeK_O--_eV0zDMgXfvljGmH_4L0i0Fn7d5Ncq33Fskh8krXNXZLpw-3QFvsmxOoFzG84V9K-Vy324slXoHDHqLsJPeQn12s7eN4I2yofTGZ_0XR8rArjHCDbGLF9YyNuv1NMp5JI_Vrekdu_VLsmiZClcnTMsI9XR1Dn3xV6qNupmaXEgRp1PtOn0wuI3-v2VC-RNrnSATtC7GYhb4xvahkCNrjz-BjZmq-VaL_7aIJOu4yN2TbPr4Jn69EqZYqZURxcOORzOaivkP8oWlYdYIfrZKYAAsPaGQPiPUK21O6-Kf36X-FLI-mp7axClqjfLBeAOOEZxPgAMJMIXtkbAG9KnvffEOCWZGDWXDd3L02Dt3lorGj-V4nt2OTShR0V1HZA4nx8V7_Rr-AeFU-uPtL5SogTh70OcLz0tKXiqUTObiEDiVbI_5pzw2t10hkFH2j8jR3fM23wPPecPTa_--kTT447dzc9YdprkwgQ4jBkXGgmcRO2SyJjm3qmIvK4urfIrS1rVbnupwGqTJpln5Ds5C1uJICtVWCljsnJSaJjCqjwumY0uiXEN620AdMZfIr-vRY2ybjk5-6wBXZFa1Y_rdMbMcrnm2ZqnBBiu94IwdI4o4oQYbgwahiVp2Weuomxwgjqx45QUYq-35YkaUgljvhIkwbe_F7hsxpxhv1_beoR7WX831e4bsRY4-Jys0W9IyBuljsxtosbSsqFjZh2S-_ssB1F6M0cp53htQF-pceZs1XcFlVnc4uYW70lIlnsa5tpj5YXtdVJ6JoF6ZIZ2I9cwSIOv2q_i8Z1n0-9Qhv1pvWa8iX-tfUt99cq5525tp-JaeevvW0OB11_OolQyxrwe4VqvV_g-tMzVF2yYYM63Qd2-wgQk76ibyi_SOavYk4XRlqqdg_YXcV0u7y5usjr1JYa3ogVZJF3psf-jwdWslyS_XSUatMiVSQQnz4Yp0bvVbmj",
            "id": "projects/dtc-de-zoomcamp-376519/regions/europe-west6/zones/",
            "project": "dtc-de-zoomcamp-376519",
            "region": "europe-west6",
            "zone": ""
          },
          "sensitive_attributes": []
        }
      ]
    },
    {
      "mode": "data",
      "type": "google_service_account_access_token",
      "name": "default",
      "provider": "provider[\"registry.terraform.io/hashicorp/google\"].impersonation",
      "instances": [
        {
          "schema_version": 0,
          "attributes": {
            "access_token": "ya29.c.b0Aaekm1Ku57qkK1wXHZXlQ_jcvVLbaHQQYiO59VWZl4_SRtPWQuMlxJYVoo3Vz-nKzWq8DClzas4-w3szkWqvY4GKqT49XDebYQFAlOokavD-cDDkNKi7hbJeUoxXcG5ysBPzACdPebjyR4-TUnjAa4cGuwQWj3J8tbjTIZ9lFIM_lHBZOnEGRmdexIfYk5-d9xwnfpfqDCTixauFYqPXZso-J2JHOL7bJCRG9KohdrVPT3LA_j8bsdAFzbXBtIIHCRxxebzbwvSq6vTtoHfyWQ99mrsKyE9M76bDHeA3fzzL-P6RXA4q0zJNtCXa5adYpdeDNbUcBOyLFXVD_m9k87pDHqif2Vmm6Rnl6wV4om_8icT1pb8MmVWp4-knnDp8korYflCNcOL3vAo6ILG3Uts2RkUFR_nZAXj8BQg-UeeL6phVawrWPptfVTaRkspFHMFCYB6mVoiu6-QYA6lA4_xG6_ubjr7UKM6PJ7X69LNAuPZtcaqSy5-oFg57H_P76UV7-pC3a5raQgN535P8qWkizqsaB_9zgqB_wozRu_ua_s4vX5uXZSci5RoYrSwfF4kh9MdBIZbkzFexbwVgQswcZSxZSbsdrzlvMUFnO6mwOdd3iO_z8_w3Sgc4RmZ74ZUlXjq6ggXlY1wQbt3Y4nUO_0hUaiF9BJ6YkJS4rYa3djmRXSd-rRiyqtQR_3fBhFRRbnxjZZO5Jlhl0WfMirqgypYUbUi_U-vjq46u74BRnsfez2hk_Qhsf7Jn9ZobbF9BMQb8Fhfz-zttajMOyJlsfSJwcO8ewkf5aunzqn5M7ksMm40b9uR988u03sI58X0Qsh9ko9J9Yzw__gyIu2xaVwsOtbkisZv912XIzW5arxYnSaq9WR78aO_fb7Y1f0V_yhmepj-UvI_1QYkmfQc_ijcawSl-kYyb7g5cdly5_7X5U6fI3caflnSscx3O1MqsWw5RmjwZX8S3k0xrubhvXX-ZOlqbVW_dtUVdeibSjmbZdV6XQ3b",
            "delegates": null,
            "id": "projects/-/serviceAccounts/dtc-de-adrian@dtc-de-zoomcamp-376519.iam.gserviceaccount.com",
            "lifetime": "1200s",
            "scopes": [
              "cloud-platform",
              "userinfo-email"
            ],
            "target_service_account": "dtc-de-adrian@dtc-de-zoomcamp-376519.iam.gserviceaccount.com"
          },
          "sensitive_attributes": []
        }
      ]
    },
    {
      "mode": "managed",
      "type": "google_bigquery_dataset",
      "name": "dataset",
      "provider": "provider[\"registry.terraform.io/hashicorp/google\"].impersonated",
      "instances": [
        {
          "schema_version": 0,
          "attributes": {
            "access": [
              {
                "dataset": [],
                "domain": "",
                "group_by_email": "",
                "role": "OWNER",
                "routine": [],
                "special_group": "",
                "user_by_email": "dtc-de-adrian@dtc-de-zoomcamp-376519.iam.gserviceaccount.com",
                "view": []
              },
              {
                "dataset": [],
                "domain": "",
                "group_by_email": "",
                "role": "OWNER",
                "routine": [],
                "special_group": "projectOwners",
                "user_by_email": "",
                "view": []
              },
              {
                "dataset": [],
                "domain": "",
                "group_by_email": "",
                "role": "READER",
                "routine": [],
                "special_group": "projectReaders",
                "user_by_email": "",
                "view": []
              },
              {
                "dataset": [],
                "domain": "",
                "group_by_email": "",
                "role": "WRITER",
                "routine": [],
                "special_group": "projectWriters",
                "user_by_email": "",
                "view": []
              }
            ],
            "creation_time": 1680444302014,
            "dataset_id": "temperatures",
            "default_collation": "",
            "default_encryption_configuration": [],
            "default_partition_expiration_ms": 0,
            "default_table_expiration_ms": 0,
            "delete_contents_on_destroy": true,
            "description": "Dataset for temperature data",
            "etag": "z645PcbezOrJ1QyyvnBy1g==",
            "friendly_name": "",
            "id": "projects/dtc-de-zoomcamp-376519/datasets/temperatures",
            "is_case_insensitive": false,
            "labels": {},
            "last_modified_time": 1680444302014,
            "location": "europe-west6",
            "max_time_travel_hours": "",
            "project": "dtc-de-zoomcamp-376519",
            "self_link": "https://bigquery.googleapis.com/bigquery/v2/projects/dtc-de-zoomcamp-376519/datasets/temperatures",
            "timeouts": null
          },
          "sensitive_attributes": [],
          "private": "eyJlMmJmYjczMC1lY2FhLTExZTYtOGY4OC0zNDM2M2JjN2M0YzAiOnsiY3JlYXRlIjoxMjAwMDAwMDAwMDAwLCJkZWxldGUiOjEyMDAwMDAwMDAwMDAsInVwZGF0ZSI6MTIwMDAwMDAwMDAwMH19",
          "dependencies": [
            "data.google_service_account_access_token.default"
          ]
        }
      ]
    },
    {
      "mode": "managed",
      "type": "google_compute_instance",
      "name": "default",
      "provider": "provider[\"registry.terraform.io/hashicorp/google\"].impersonated",
      "instances": [
        {
          "schema_version": 6,
          "attributes": {
            "advanced_machine_features": [],
            "allow_stopping_for_update": true,
            "attached_disk": [],
            "boot_disk": [
              {
                "auto_delete": true,
                "device_name": "dtc-de-zoomcamp",
                "disk_encryption_key_raw": "",
                "disk_encryption_key_sha256": "",
                "initialize_params": [
                  {
                    "image": "https://www.googleapis.com/compute/v1/projects/ubuntu-os-cloud/global/images/ubuntu-2204-jammy-v20230114",
                    "labels": {},
                    "size": 30,
                    "type": "pd-balanced"
                  }
                ],
                "kms_key_self_link": "",
                "mode": "READ_WRITE",
                "source": "https://www.googleapis.com/compute/v1/projects/dtc-de-zoomcamp-376519/zones/europe-west6-a/disks/test"
              }
            ],
            "can_ip_forward": false,
            "confidential_instance_config": [],
            "cpu_platform": "Intel Broadwell",
            "current_status": "RUNNING",
            "deletion_protection": false,
            "description": "Machine to run this projects code",
            "desired_status": null,
            "enable_display": false,
            "guest_accelerator": [],
            "hostname": "",
            "id": "projects/dtc-de-zoomcamp-376519/zones/europe-west6-a/instances/test",
            "instance_id": "5809861638056326497",
            "label_fingerprint": "42WmSpB8rSM=",
            "labels": null,
            "machine_type": "e2-standard-4",
            "metadata": null,
            "metadata_fingerprint": "7sMlAIVc6PA=",
            "metadata_startup_script": null,
            "min_cpu_platform": "",
            "name": "test",
            "network_interface": [
              {
                "access_config": [
                  {
                    "nat_ip": "34.65.232.29",
                    "network_tier": "PREMIUM",
                    "public_ptr_domain_name": ""
                  }
                ],
                "alias_ip_range": [],
                "ipv6_access_config": [],
                "ipv6_access_type": "",
                "name": "nic0",
                "network": "https://www.googleapis.com/compute/v1/projects/dtc-de-zoomcamp-376519/global/networks/default",
                "network_ip": "10.172.0.11",
                "nic_type": "",
                "queue_count": 0,
                "stack_type": "IPV4_ONLY",
                "subnetwork": "https://www.googleapis.com/compute/v1/projects/dtc-de-zoomcamp-376519/regions/europe-west6/subnetworks/default",
                "subnetwork_project": "dtc-de-zoomcamp-376519"
              }
            ],
            "project": "dtc-de-zoomcamp-376519",
            "reservation_affinity": [],
            "resource_policies": null,
            "scheduling": [
              {
                "automatic_restart": true,
                "instance_termination_action": "",
                "min_node_cpus": 0,
                "node_affinities": [],
                "on_host_maintenance": "MIGRATE",
                "preemptible": false,
                "provisioning_model": "STANDARD"
              }
            ],
            "scratch_disk": [],
            "self_link": "https://www.googleapis.com/compute/v1/projects/dtc-de-zoomcamp-376519/zones/europe-west6-a/instances/test",
            "service_account": [
              {
                "email": "dtc-de-adrian@dtc-de-zoomcamp-376519.iam.gserviceaccount.com",
                "scopes": [
                  "https://www.googleapis.com/auth/cloud-platform"
                ]
              }
            ],
            "shielded_instance_config": [
              {
                "enable_integrity_monitoring": true,
                "enable_secure_boot": false,
                "enable_vtpm": true
              }
            ],
            "tags": null,
            "tags_fingerprint": "42WmSpB8rSM=",
            "timeouts": null,
            "zone": "europe-west6-a"
          },
          "sensitive_attributes": [],
          "private": "eyJlMmJmYjczMC1lY2FhLTExZTYtOGY4OC0zNDM2M2JjN2M0YzAiOnsiY3JlYXRlIjoxMjAwMDAwMDAwMDAwLCJkZWxldGUiOjEyMDAwMDAwMDAwMDAsInVwZGF0ZSI6MTIwMDAwMDAwMDAwMH0sInNjaGVtYV92ZXJzaW9uIjoiNiJ9",
          "dependencies": [
            "data.google_service_account_access_token.default"
          ]
        }
      ]
    },
    {
      "mode": "managed",
      "type": "google_storage_bucket",
      "name": "data-lake-bucket",
      "provider": "provider[\"registry.terraform.io/hashicorp/google\"].impersonated",
      "instances": [
        {
          "schema_version": 0,
          "attributes": {
            "autoclass": [],
            "cors": [],
            "custom_placement_config": [],
            "default_event_based_hold": false,
            "encryption": [],
            "force_destroy": true,
            "id": "dwd_project_dtc-de-zoomcamp-376519",
            "labels": null,
            "lifecycle_rule": [
              {
                "action": [
                  {
                    "storage_class": "",
                    "type": "Delete"
                  }
                ],
                "condition": [
                  {
                    "age": 30,
                    "created_before": "",
                    "custom_time_before": "",
                    "days_since_custom_time": 0,
                    "days_since_noncurrent_time": 0,
                    "matches_prefix": [],
                    "matches_storage_class": [],
                    "matches_suffix": [],
                    "noncurrent_time_before": "",
                    "num_newer_versions": 0,
                    "with_state": "ANY"
                  }
                ]
              }
            ],
            "location": "EUROPE-WEST6",
            "logging": [],
            "name": "dwd_project_dtc-de-zoomcamp-376519",
            "project": "dtc-de-zoomcamp-376519",
            "public_access_prevention": "enforced",
            "requester_pays": false,
            "retention_policy": [],
            "self_link": "https://www.googleapis.com/storage/v1/b/dwd_project_dtc-de-zoomcamp-376519",
            "storage_class": "STANDARD",
            "timeouts": null,
            "uniform_bucket_level_access": true,
            "url": "gs://dwd_project_dtc-de-zoomcamp-376519",
            "versioning": [
              {
                "enabled": true
              }
            ],
            "website": []
          },
          "sensitive_attributes": [],
          "private": "eyJlMmJmYjczMC1lY2FhLTExZTYtOGY4OC0zNDM2M2JjN2M0YzAiOnsiY3JlYXRlIjo2MDAwMDAwMDAwMDAsInJlYWQiOjI0MDAwMDAwMDAwMCwidXBkYXRlIjoyNDAwMDAwMDAwMDB9fQ==",
          "dependencies": [
            "data.google_service_account_access_token.default"
          ]
        }
      ]
    }
  ],
  "check_results": null
}
